{
  "originHash" : "3c96f2a7fbbebb0f1d100b219a3fdd34fb507dc2b014d87fd8eb5b705395d9ff",
  "pins" : [
    {
      "identity" : "llama.swift",
      "kind" : "remoteSourceControl",
      "location" : "https://github.com/mattt/llama.swift.git",
      "state" : {
        "revision" : "00e742ec7d302663cecc4f8dc93705e262803222",
        "version" : "2.8003.0"
      }
    }
  ],
  "version" : 3
}
